{
  "name": "secure-json",
  "version": "1.0.1",
  "lockfileVersion": 1,
  "requires": true,
  "dependencies": {
    "krypton-js": {
      "version": "1.0.2",
      "resolved": "https://registry.npmjs.org/krypton-js/-/krypton-js-1.0.2.tgz",
      "integrity": "sha512-LiRTCGaZJiiTL7wNswcKYyfzatF8bv1jb/P0eGAzMxhphLVVodPlIGuiOpMc09CbItxrHlr2jGg/udrHkT4S2A=="
    }
  }
}
